
Microsoft Visual Studio Solution File, Format Version 12.00
# Visual Studio Version 17
VisualStudioVersion = 17.10.35122.118
MinimumVisualStudioVersion = 10.0.40219.1
Project("{FAE04EC0-301F-11D3-BF4B-00C04F79EFBC}") = "Sales_Web", "Sales_Web.csproj", "{2B3DFD9B-1637-44C2-BA9F-1948A4C22EA6}"
EndProject
Global
	GlobalSection(SolutionConfigurationPlatforms) = preSolution
		Debug|Any CPU = Debug|Any CPU
		Release|Any CPU = Release|Any CPU
	EndGlobalSection
	GlobalSection(ProjectConfigurationPlatforms) = postSolution
		{2B3DFD9B-1637-44C2-BA9F-1948A4C22EA6}.Debug|Any CPU.ActiveCfg = Debug|Any CPU
		{2B3DFD9B-1637-44C2-BA9F-1948A4C22EA6}.Debug|Any CPU.Build.0 = Debug|Any CPU
		{2B3DFD9B-1637-44C2-BA9F-1948A4C22EA6}.Release|Any CPU.ActiveCfg = Release|Any CPU
		{2B3DFD9B-1637-44C2-BA9F-1948A4C22EA6}.Release|Any CPU.Build.0 = Release|Any CPU
	EndGlobalSection
	GlobalSection(SolutionProperties) = preSolution
		HideSolutionNode = FALSE
	EndGlobalSection
	GlobalSection(ExtensibilityGlobals) = postSolution
		SolutionGuid = {0E00EED4-565B-4C26-BE15-DC8D42477297}
	EndGlobalSection
EndGlobal
